
Microsoft Visual Studio Solution File, Format Version 12.00
# Visual Studio Version 16
VisualStudioVersion = 16.0.31105.61
MinimumVisualStudioVersion = 10.0.40219.1
Project("{9A19103F-16F7-4668-BE54-9A1E7A4F7556}") = "Entities", "Entities\Entities.csproj", "{53AC0A9F-B79B-45C8-9CF0-DA4A935D09FA}"
EndProject
Project("{9A19103F-16F7-4668-BE54-9A1E7A4F7556}") = "DataAccess", "DataAccess\DataAccess.csproj", "{BECCA2C1-5E7E-4A4B-99AE-13A9162D3CDA}"
EndProject
Project("{9A19103F-16F7-4668-BE54-9A1E7A4F7556}") = "Business", "Business\Business.csproj", "{2BEFA50F-431F-4903-90F3-51066C0EAE41}"
EndProject
Project("{FAE04EC0-301F-11D3-BF4B-00C04F79EFBC}") = "ConsoleUI", "ConsoleUI\ConsoleUI.csproj", "{AD25C4E0-29E0-44F3-801C-419489E36726}"
EndProject
Global
	GlobalSection(SolutionConfigurationPlatforms) = preSolution
		Debug|Any CPU = Debug|Any CPU
		Release|Any CPU = Release|Any CPU
	EndGlobalSection
	GlobalSection(ProjectConfigurationPlatforms) = postSolution
		{53AC0A9F-B79B-45C8-9CF0-DA4A935D09FA}.Debug|Any CPU.ActiveCfg = Debug|Any CPU
		{53AC0A9F-B79B-45C8-9CF0-DA4A935D09FA}.Debug|Any CPU.Build.0 = Debug|Any CPU
		{53AC0A9F-B79B-45C8-9CF0-DA4A935D09FA}.Release|Any CPU.ActiveCfg = Release|Any CPU
		{53AC0A9F-B79B-45C8-9CF0-DA4A935D09FA}.Release|Any CPU.Build.0 = Release|Any CPU
		{BECCA2C1-5E7E-4A4B-99AE-13A9162D3CDA}.Debug|Any CPU.ActiveCfg = Debug|Any CPU
		{BECCA2C1-5E7E-4A4B-99AE-13A9162D3CDA}.Debug|Any CPU.Build.0 = Debug|Any CPU
		{BECCA2C1-5E7E-4A4B-99AE-13A9162D3CDA}.Release|Any CPU.ActiveCfg = Release|Any CPU
		{BECCA2C1-5E7E-4A4B-99AE-13A9162D3CDA}.Release|Any CPU.Build.0 = Release|Any CPU
		{2BEFA50F-431F-4903-90F3-51066C0EAE41}.Debug|Any CPU.ActiveCfg = Debug|Any CPU
		{2BEFA50F-431F-4903-90F3-51066C0EAE41}.Debug|Any CPU.Build.0 = Debug|Any CPU
		{2BEFA50F-431F-4903-90F3-51066C0EAE41}.Release|Any CPU.ActiveCfg = Release|Any CPU
		{2BEFA50F-431F-4903-90F3-51066C0EAE41}.Release|Any CPU.Build.0 = Release|Any CPU
		{AD25C4E0-29E0-44F3-801C-419489E36726}.Debug|Any CPU.ActiveCfg = Debug|Any CPU
		{AD25C4E0-29E0-44F3-801C-419489E36726}.Debug|Any CPU.Build.0 = Debug|Any CPU
		{AD25C4E0-29E0-44F3-801C-419489E36726}.Release|Any CPU.ActiveCfg = Release|Any CPU
		{AD25C4E0-29E0-44F3-801C-419489E36726}.Release|Any CPU.Build.0 = Release|Any CPU
	EndGlobalSection
	GlobalSection(SolutionProperties) = preSolution
		HideSolutionNode = FALSE
	EndGlobalSection
	GlobalSection(ExtensibilityGlobals) = postSolution
		SolutionGuid = {962E21CB-F274-41E8-BB5B-26270A1799BD}
	EndGlobalSection
EndGlobal
